
Microsoft Visual Studio Solution File, Format Version 12.00
# Visual Studio Version 17
VisualStudioVersion = 17.6.33829.357
MinimumVisualStudioVersion = 10.0.40219.1
Project("{FAE04EC0-301F-11D3-BF4B-00C04F79EFBC}") = "GitHub2", "GitHub2\GitHub2.csproj", "{BF075CB7-D8F5-4E08-889D-30BDCD191299}"
EndProject
Global
	GlobalSection(SolutionConfigurationPlatforms) = preSolution
		Debug|Any CPU = Debug|Any CPU
		Release|Any CPU = Release|Any CPU
	EndGlobalSection
	GlobalSection(ProjectConfigurationPlatforms) = postSolution
		{BF075CB7-D8F5-4E08-889D-30BDCD191299}.Debug|Any CPU.ActiveCfg = Debug|Any CPU
		{BF075CB7-D8F5-4E08-889D-30BDCD191299}.Debug|Any CPU.Build.0 = Debug|Any CPU
		{BF075CB7-D8F5-4E08-889D-30BDCD191299}.Release|Any CPU.ActiveCfg = Release|Any CPU
		{BF075CB7-D8F5-4E08-889D-30BDCD191299}.Release|Any CPU.Build.0 = Release|Any CPU
	EndGlobalSection
	GlobalSection(SolutionProperties) = preSolution
		HideSolutionNode = FALSE
	EndGlobalSection
	GlobalSection(ExtensibilityGlobals) = postSolution
		SolutionGuid = {6AC25D97-BD9C-48EA-8086-AF3362C8EC3D}
	EndGlobalSection
EndGlobal
